
Microsoft Visual Studio Solution File, Format Version 11.00
# Visual Studio 2010
Project("{FAE04EC0-301F-11D3-BF4B-00C04F79EFBC}") = "MemPagerSim", "MemPagerSim\MemPagerSim.csproj", "{E20A0521-62A3-4C1A-9D23-AB4693B03179}"
EndProject
Project("{2150E333-8FDC-42A3-9474-1A3956D46DE8}") = "Solution Items", "Solution Items", "{1F696E8C-59DC-4A3E-A1CE-A846E7F8EE41}"
	ProjectSection(SolutionItems) = preProject
		MemPagerSim\PagingAlgo.cs = MemPagerSim\PagingAlgo.cs
	EndProjectSection
EndProject
Global
	GlobalSection(SolutionConfigurationPlatforms) = preSolution
		Debug|x86 = Debug|x86
		Release|x86 = Release|x86
	EndGlobalSection
	GlobalSection(ProjectConfigurationPlatforms) = postSolution
		{E20A0521-62A3-4C1A-9D23-AB4693B03179}.Debug|x86.ActiveCfg = Debug|x86
		{E20A0521-62A3-4C1A-9D23-AB4693B03179}.Debug|x86.Build.0 = Debug|x86
		{E20A0521-62A3-4C1A-9D23-AB4693B03179}.Release|x86.ActiveCfg = Release|x86
		{E20A0521-62A3-4C1A-9D23-AB4693B03179}.Release|x86.Build.0 = Release|x86
	EndGlobalSection
	GlobalSection(SolutionProperties) = preSolution
		HideSolutionNode = FALSE
	EndGlobalSection
EndGlobal
